
Microsoft Visual Studio Solution File, Format Version 12.00
# Visual Studio Version 17
VisualStudioVersion = 17.8.34330.188
MinimumVisualStudioVersion = 10.0.40219.1
Project("{FAE04EC0-301F-11D3-BF4B-00C04F79EFBC}") = "ProductosRepaso", "ProductosRepaso\ProductosRepaso.csproj", "{9F6B8B4F-C57A-44E9-B143-717AE265736B}"
EndProject
Global
	GlobalSection(SolutionConfigurationPlatforms) = preSolution
		Debug|Any CPU = Debug|Any CPU
		Release|Any CPU = Release|Any CPU
	EndGlobalSection
	GlobalSection(ProjectConfigurationPlatforms) = postSolution
		{9F6B8B4F-C57A-44E9-B143-717AE265736B}.Debug|Any CPU.ActiveCfg = Debug|Any CPU
		{9F6B8B4F-C57A-44E9-B143-717AE265736B}.Debug|Any CPU.Build.0 = Debug|Any CPU
		{9F6B8B4F-C57A-44E9-B143-717AE265736B}.Release|Any CPU.ActiveCfg = Release|Any CPU
		{9F6B8B4F-C57A-44E9-B143-717AE265736B}.Release|Any CPU.Build.0 = Release|Any CPU
	EndGlobalSection
	GlobalSection(SolutionProperties) = preSolution
		HideSolutionNode = FALSE
	EndGlobalSection
	GlobalSection(ExtensibilityGlobals) = postSolution
		SolutionGuid = {3CA8F1C3-465B-4C63-BFB7-6306CDECF391}
	EndGlobalSection
EndGlobal
